{
  "name": "kahoot-alternative-clean",
  "lockfileVersion": 3,
  "requires": true,
  "packages": {
    "": {
      "devDependencies": {
        "@netlify/plugin-nextjs": "^5.13.1"
      }
    },
    "node_modules/@netlify/plugin-nextjs": {
      "version": "5.13.1",
      "resolved": "https://registry.npmjs.org/@netlify/plugin-nextjs/-/plugin-nextjs-5.13.1.tgz",
      "integrity": "sha512-dAswWBpvjtkqTd6AmgPfwQI7kNnCEnaz0SjlWYtN/H0FTY6fkpo+0yq8fVKWzKu+5ckO0QzNPMoWfJ4chDXcrw==",
      "dev": true,
      "license": "MIT",
      "engines": {
        "node": ">=18.0.0"
      }
    }
  }
}
